
Microsoft Visual Studio Solution File, Format Version 12.00
# Visual Studio Version 16
VisualStudioVersion = 16.0.31205.134
MinimumVisualStudioVersion = 10.0.40219.1
Project("{9A19103F-16F7-4668-BE54-9A1E7A4F7556}") = "ClaseTeorica1208", "ClaseTeorica1208\ClaseTeorica1208.csproj", "{A0030D94-7236-4AE7-8C71-3A9B2DA0919A}"
EndProject
Global
	GlobalSection(SolutionConfigurationPlatforms) = preSolution
		Debug|Any CPU = Debug|Any CPU
		Release|Any CPU = Release|Any CPU
	EndGlobalSection
	GlobalSection(ProjectConfigurationPlatforms) = postSolution
		{A0030D94-7236-4AE7-8C71-3A9B2DA0919A}.Debug|Any CPU.ActiveCfg = Debug|Any CPU
		{A0030D94-7236-4AE7-8C71-3A9B2DA0919A}.Debug|Any CPU.Build.0 = Debug|Any CPU
		{A0030D94-7236-4AE7-8C71-3A9B2DA0919A}.Release|Any CPU.ActiveCfg = Release|Any CPU
		{A0030D94-7236-4AE7-8C71-3A9B2DA0919A}.Release|Any CPU.Build.0 = Release|Any CPU
	EndGlobalSection
	GlobalSection(SolutionProperties) = preSolution
		HideSolutionNode = FALSE
	EndGlobalSection
	GlobalSection(ExtensibilityGlobals) = postSolution
		SolutionGuid = {37EA6543-55E4-4F64-8EDD-8110F213C4A3}
	EndGlobalSection
EndGlobal
